
Microsoft Visual Studio Solution File, Format Version 12.00
# Visual Studio Version 17
VisualStudioVersion = 17.7.34221.43
MinimumVisualStudioVersion = 10.0.40219.1
Project("{9A19103F-16F7-4668-BE54-9A1E7A4F7556}") = "AbdurakhmanovAIi_KT-42-20", "AbdurakhmanovAIi_KT-42-20\AbdurakhmanovAIi_KT-42-20.csproj", "{237CB575-84C0-4F48-BE85-CD480061C694}"
EndProject
Project("{FAE04EC0-301F-11D3-BF4B-00C04F79EFBC}") = "AbdurakhmanovAIi_KT-42-20.Tests", "AbdurakhmanovAIi_KT-42-20.Tests\AbdurakhmanovAIi_KT-42-20.Tests.csproj", "{EDD7C0DB-7049-4880-9EB8-3BA0BFA946B6}"
	ProjectSection(ProjectDependencies) = postProject
		{237CB575-84C0-4F48-BE85-CD480061C694} = {237CB575-84C0-4F48-BE85-CD480061C694}
	EndProjectSection
EndProject
Global
	GlobalSection(SolutionConfigurationPlatforms) = preSolution
		Debug|Any CPU = Debug|Any CPU
		Release|Any CPU = Release|Any CPU
	EndGlobalSection
	GlobalSection(ProjectConfigurationPlatforms) = postSolution
		{237CB575-84C0-4F48-BE85-CD480061C694}.Debug|Any CPU.ActiveCfg = Debug|Any CPU
		{237CB575-84C0-4F48-BE85-CD480061C694}.Debug|Any CPU.Build.0 = Debug|Any CPU
		{237CB575-84C0-4F48-BE85-CD480061C694}.Release|Any CPU.ActiveCfg = Release|Any CPU
		{237CB575-84C0-4F48-BE85-CD480061C694}.Release|Any CPU.Build.0 = Release|Any CPU
		{EDD7C0DB-7049-4880-9EB8-3BA0BFA946B6}.Debug|Any CPU.ActiveCfg = Debug|Any CPU
		{EDD7C0DB-7049-4880-9EB8-3BA0BFA946B6}.Debug|Any CPU.Build.0 = Debug|Any CPU
		{EDD7C0DB-7049-4880-9EB8-3BA0BFA946B6}.Release|Any CPU.ActiveCfg = Release|Any CPU
		{EDD7C0DB-7049-4880-9EB8-3BA0BFA946B6}.Release|Any CPU.Build.0 = Release|Any CPU
	EndGlobalSection
	GlobalSection(SolutionProperties) = preSolution
		HideSolutionNode = FALSE
	EndGlobalSection
	GlobalSection(ExtensibilityGlobals) = postSolution
		SolutionGuid = {495C3BB5-72B3-4168-BAD5-769C55B85760}
	EndGlobalSection
EndGlobal
